
Microsoft Visual Studio Solution File, Format Version 12.00
# Visual Studio 14
VisualStudioVersion = 14.0.24720.0
MinimumVisualStudioVersion = 10.0.40219.1
Project("{FAE04EC0-301F-11D3-BF4B-00C04F79EFBC}") = "Taskify.Droid", "Taskify\Taskify.Droid\Taskify.Droid.csproj", "{C8D95602-A5CF-4F0C-A379-62164647A095}"
EndProject
Project("{FAE04EC0-301F-11D3-BF4B-00C04F79EFBC}") = "Taskify.iOS", "Taskify\Taskify.iOS\Taskify.iOS.csproj", "{DEDA5623-54D8-49C2-8EBE-7F3F129AD4DD}"
EndProject
Project("{FAE04EC0-301F-11D3-BF4B-00C04F79EFBC}") = "Taskify.WinPhone", "Taskify\Taskify.WinPhone\Taskify.WinPhone.csproj", "{4AB6F592-9EDC-434C-93A4-83B52637424D}"
EndProject
Project("{FAE04EC0-301F-11D3-BF4B-00C04F79EFBC}") = "Taskify.UWP", "Taskify\Taskify.UWP\Taskify.UWP.csproj", "{12D9B9A8-6379-4683-881C-2C6854FDC2AA}"
EndProject
Project("{FAE04EC0-301F-11D3-BF4B-00C04F79EFBC}") = "Taskify.Windows", "Taskify\Taskify.Windows\Taskify.Windows.csproj", "{C58A0BF5-AF38-49E7-A228-669CC6F6DAA0}"
EndProject
Project("{FAE04EC0-301F-11D3-BF4B-00C04F79EFBC}") = "Taskify", "Taskify\Taskify\Taskify.csproj", "{F6FCF841-F638-431E-9D05-0D1A7B73D9E5}"
EndProject
Project("{8BB2217D-0F2D-49D1-97BC-3654ED321F3B}") = "Backend", "Backend\Backend.xproj", "{142C68EA-8D22-4A89-8CE7-D23DA6634A9F}"
EndProject
Global
	GlobalSection(SolutionConfigurationPlatforms) = preSolution
		Ad-Hoc|Any CPU = Ad-Hoc|Any CPU
		Ad-Hoc|ARM = Ad-Hoc|ARM
		Ad-Hoc|iPhone = Ad-Hoc|iPhone
		Ad-Hoc|iPhoneSimulator = Ad-Hoc|iPhoneSimulator
		Ad-Hoc|x64 = Ad-Hoc|x64
		Ad-Hoc|x86 = Ad-Hoc|x86
		AppStore|Any CPU = AppStore|Any CPU
		AppStore|ARM = AppStore|ARM
		AppStore|iPhone = AppStore|iPhone
		AppStore|iPhoneSimulator = AppStore|iPhoneSimulator
		AppStore|x64 = AppStore|x64
		AppStore|x86 = AppStore|x86
		Debug|Any CPU = Debug|Any CPU
		Debug|ARM = Debug|ARM
		Debug|iPhone = Debug|iPhone
		Debug|iPhoneSimulator = Debug|iPhoneSimulator
		Debug|x64 = Debug|x64
		Debug|x86 = Debug|x86
		Release|Any CPU = Release|Any CPU
		Release|ARM = Release|ARM
		Release|iPhone = Release|iPhone
		Release|iPhoneSimulator = Release|iPhoneSimulator
		Release|x64 = Release|x64
		Release|x86 = Release|x86
	EndGlobalSection
	GlobalSection(ProjectConfigurationPlatforms) = postSolution
		{C8D95602-A5CF-4F0C-A379-62164647A095}.Ad-Hoc|Any CPU.ActiveCfg = Release|Any CPU
		{C8D95602-A5CF-4F0C-A379-62164647A095}.Ad-Hoc|Any CPU.Build.0 = Release|Any CPU
		{C8D95602-A5CF-4F0C-A379-62164647A095}.Ad-Hoc|Any CPU.Deploy.0 = Release|Any CPU
		{C8D95602-A5CF-4F0C-A379-62164647A095}.Ad-Hoc|ARM.ActiveCfg = Release|Any CPU
		{C8D95602-A5CF-4F0C-A379-62164647A095}.Ad-Hoc|ARM.Build.0 = Release|Any CPU
		{C8D95602-A5CF-4F0C-A379-62164647A095}.Ad-Hoc|ARM.Deploy.0 = Release|Any CPU
		{C8D95602-A5CF-4F0C-A379-62164647A095}.Ad-Hoc|iPhone.ActiveCfg = Release|Any CPU
		{C8D95602-A5CF-4F0C-A379-62164647A095}.Ad-Hoc|iPhone.Build.0 = Release|Any CPU
		{C8D95602-A5CF-4F0C-A379-62164647A095}.Ad-Hoc|iPhone.Deploy.0 = Release|Any CPU
		{C8D95602-A5CF-4F0C-A379-62164647A095}.Ad-Hoc|iPhoneSimulator.ActiveCfg = Release|Any CPU
		{C8D95602-A5CF-4F0C-A379-62164647A095}.Ad-Hoc|iPhoneSimulator.Build.0 = Release|Any CPU
		{C8D95602-A5CF-4F0C-A379-62164647A095}.Ad-Hoc|iPhoneSimulator.Deploy.0 = Release|Any CPU
		{C8D95602-A5CF-4F0C-A379-62164647A095}.Ad-Hoc|x64.ActiveCfg = Release|Any CPU
		{C8D95602-A5CF-4F0C-A379-62164647A095}.Ad-Hoc|x64.Build.0 = Release|Any CPU
		{C8D95602-A5CF-4F0C-A379-62164647A095}.Ad-Hoc|x64.Deploy.0 = Release|Any CPU
		{C8D95602-A5CF-4F0C-A379-62164647A095}.Ad-Hoc|x86.ActiveCfg = Release|Any CPU
		{C8D95602-A5CF-4F0C-A379-62164647A095}.Ad-Hoc|x86.Build.0 = Release|Any CPU
		{C8D95602-A5CF-4F0C-A379-62164647A095}.Ad-Hoc|x86.Deploy.0 = Release|Any CPU
		{C8D95602-A5CF-4F0C-A379-62164647A095}.AppStore|Any CPU.ActiveCfg = Release|Any CPU
		{C8D95602-A5CF-4F0C-A379-62164647A095}.AppStore|Any CPU.Build.0 = Release|Any CPU
		{C8D95602-A5CF-4F0C-A379-62164647A095}.AppStore|Any CPU.Deploy.0 = Release|Any CPU
		{C8D95602-A5CF-4F0C-A379-62164647A095}.AppStore|ARM.ActiveCfg = Release|Any CPU
		{C8D95602-A5CF-4F0C-A379-62164647A095}.AppStore|ARM.Build.0 = Release|Any CPU
		{C8D95602-A5CF-4F0C-A379-62164647A095}.AppStore|ARM.Deploy.0 = Release|Any CPU
		{C8D95602-A5CF-4F0C-A379-62164647A095}.AppStore|iPhone.ActiveCfg = Release|Any CPU
		{C8D95602-A5CF-4F0C-A379-62164647A095}.AppStore|iPhone.Build.0 = Release|Any CPU
		{C8D95602-A5CF-4F0C-A379-62164647A095}.AppStore|iPhone.Deploy.0 = Release|Any CPU
		{C8D95602-A5CF-4F0C-A379-62164647A095}.AppStore|iPhoneSimulator.ActiveCfg = Release|Any CPU
		{C8D95602-A5CF-4F0C-A379-62164647A095}.AppStore|iPhoneSimulator.Build.0 = Release|Any CPU
		{C8D95602-A5CF-4F0C-A379-62164647A095}.AppStore|iPhoneSimulator.Deploy.0 = Release|Any CPU
		{C8D95602-A5CF-4F0C-A379-62164647A095}.AppStore|x64.ActiveCfg = Release|Any CPU
		{C8D95602-A5CF-4F0C-A379-62164647A095}.AppStore|x64.Build.0 = Release|Any CPU
		{C8D95602-A5CF-4F0C-A379-62164647A095}.AppStore|x64.Deploy.0 = Release|Any CPU
		{C8D95602-A5CF-4F0C-A379-62164647A095}.AppStore|x86.ActiveCfg = Release|Any CPU
		{C8D95602-A5CF-4F0C-A379-62164647A095}.AppStore|x86.Build.0 = Release|Any CPU
		{C8D95602-A5CF-4F0C-A379-62164647A095}.AppStore|x86.Deploy.0 = Release|Any CPU
		{C8D95602-A5CF-4F0C-A379-62164647A095}.Debug|Any CPU.ActiveCfg = Debug|Any CPU
		{C8D95602-A5CF-4F0C-A379-62164647A095}.Debug|Any CPU.Build.0 = Debug|Any CPU
		{C8D95602-A5CF-4F0C-A379-62164647A095}.Debug|Any CPU.Deploy.0 = Debug|Any CPU
		{C8D95602-A5CF-4F0C-A379-62164647A095}.Debug|ARM.ActiveCfg = Debug|Any CPU
		{C8D95602-A5CF-4F0C-A379-62164647A095}.Debug|ARM.Build.0 = Debug|Any CPU
		{C8D95602-A5CF-4F0C-A379-62164647A095}.Debug|ARM.Deploy.0 = Debug|Any CPU
		{C8D95602-A5CF-4F0C-A379-62164647A095}.Debug|iPhone.ActiveCfg = Debug|Any CPU
		{C8D95602-A5CF-4F0C-A379-62164647A095}.Debug|iPhone.Build.0 = Debug|Any CPU
		{C8D95602-A5CF-4F0C-A379-62164647A095}.Debug|iPhone.Deploy.0 = Debug|Any CPU
		{C8D95602-A5CF-4F0C-A379-62164647A095}.Debug|iPhoneSimulator.ActiveCfg = Debug|Any CPU
		{C8D95602-A5CF-4F0C-A379-62164647A095}.Debug|iPhoneSimulator.Build.0 = Debug|Any CPU
		{C8D95602-A5CF-4F0C-A379-62164647A095}.Debug|iPhoneSimulator.Deploy.0 = Debug|Any CPU
		{C8D95602-A5CF-4F0C-A379-62164647A095}.Debug|x64.ActiveCfg = Debug|Any CPU
		{C8D95602-A5CF-4F0C-A379-62164647A095}.Debug|x64.Build.0 = Debug|Any CPU
		{C8D95602-A5CF-4F0C-A379-62164647A095}.Debug|x64.Deploy.0 = Debug|Any CPU
		{C8D95602-A5CF-4F0C-A379-62164647A095}.Debug|x86.ActiveCfg = Debug|Any CPU
		{C8D95602-A5CF-4F0C-A379-62164647A095}.Debug|x86.Build.0 = Debug|Any CPU
		{C8D95602-A5CF-4F0C-A379-62164647A095}.Debug|x86.Deploy.0 = Debug|Any CPU
		{C8D95602-A5CF-4F0C-A379-62164647A095}.Release|Any CPU.ActiveCfg = Release|Any CPU
		{C8D95602-A5CF-4F0C-A379-62164647A095}.Release|Any CPU.Build.0 = Release|Any CPU
		{C8D95602-A5CF-4F0C-A379-62164647A095}.Release|Any CPU.Deploy.0 = Release|Any CPU
		{C8D95602-A5CF-4F0C-A379-62164647A095}.Release|ARM.ActiveCfg = Release|Any CPU
		{C8D95602-A5CF-4F0C-A379-62164647A095}.Release|ARM.Build.0 = Release|Any CPU
		{C8D95602-A5CF-4F0C-A379-62164647A095}.Release|ARM.Deploy.0 = Release|Any CPU
		{C8D95602-A5CF-4F0C-A379-62164647A095}.Release|iPhone.ActiveCfg = Release|Any CPU
		{C8D95602-A5CF-4F0C-A379-62164647A095}.Release|iPhone.Build.0 = Release|Any CPU
		{C8D95602-A5CF-4F0C-A379-62164647A095}.Release|iPhone.Deploy.0 = Release|Any CPU
		{C8D95602-A5CF-4F0C-A379-62164647A095}.Release|iPhoneSimulator.ActiveCfg = Release|Any CPU
		{C8D95602-A5CF-4F0C-A379-62164647A095}.Release|iPhoneSimulator.Build.0 = Release|Any CPU
		{C8D95602-A5CF-4F0C-A379-62164647A095}.Release|iPhoneSimulator.Deploy.0 = Release|Any CPU
		{C8D95602-A5CF-4F0C-A379-62164647A095}.Release|x64.ActiveCfg = Release|Any CPU
		{C8D95602-A5CF-4F0C-A379-62164647A095}.Release|x64.Build.0 = Release|Any CPU
		{C8D95602-A5CF-4F0C-A379-62164647A095}.Release|x64.Deploy.0 = Release|Any CPU
		{C8D95602-A5CF-4F0C-A379-62164647A095}.Release|x86.ActiveCfg = Release|Any CPU
		{C8D95602-A5CF-4F0C-A379-62164647A095}.Release|x86.Build.0 = Release|Any CPU
		{C8D95602-A5CF-4F0C-A379-62164647A095}.Release|x86.Deploy.0 = Release|Any CPU
		{DEDA5623-54D8-49C2-8EBE-7F3F129AD4DD}.Ad-Hoc|Any CPU.ActiveCfg = Ad-Hoc|iPhone
		{DEDA5623-54D8-49C2-8EBE-7F3F129AD4DD}.Ad-Hoc|ARM.ActiveCfg = Ad-Hoc|iPhone
		{DEDA5623-54D8-49C2-8EBE-7F3F129AD4DD}.Ad-Hoc|iPhone.ActiveCfg = Ad-Hoc|iPhone
		{DEDA5623-54D8-49C2-8EBE-7F3F129AD4DD}.Ad-Hoc|iPhone.Build.0 = Ad-Hoc|iPhone
		{DEDA5623-54D8-49C2-8EBE-7F3F129AD4DD}.Ad-Hoc|iPhoneSimulator.ActiveCfg = Ad-Hoc|iPhoneSimulator
		{DEDA5623-54D8-49C2-8EBE-7F3F129AD4DD}.Ad-Hoc|iPhoneSimulator.Build.0 = Ad-Hoc|iPhoneSimulator
		{DEDA5623-54D8-49C2-8EBE-7F3F129AD4DD}.Ad-Hoc|x64.ActiveCfg = Ad-Hoc|iPhone
		{DEDA5623-54D8-49C2-8EBE-7F3F129AD4DD}.Ad-Hoc|x86.ActiveCfg = Ad-Hoc|iPhone
		{DEDA5623-54D8-49C2-8EBE-7F3F129AD4DD}.AppStore|Any CPU.ActiveCfg = AppStore|iPhone
		{DEDA5623-54D8-49C2-8EBE-7F3F129AD4DD}.AppStore|ARM.ActiveCfg = AppStore|iPhone
		{DEDA5623-54D8-49C2-8EBE-7F3F129AD4DD}.AppStore|iPhone.ActiveCfg = AppStore|iPhone
		{DEDA5623-54D8-49C2-8EBE-7F3F129AD4DD}.AppStore|iPhone.Build.0 = AppStore|iPhone
		{DEDA5623-54D8-49C2-8EBE-7F3F129AD4DD}.AppStore|iPhoneSimulator.ActiveCfg = AppStore|iPhoneSimulator
		{DEDA5623-54D8-49C2-8EBE-7F3F129AD4DD}.AppStore|iPhoneSimulator.Build.0 = AppStore|iPhoneSimulator
		{DEDA5623-54D8-49C2-8EBE-7F3F129AD4DD}.AppStore|x64.ActiveCfg = AppStore|iPhone
		{DEDA5623-54D8-49C2-8EBE-7F3F129AD4DD}.AppStore|x86.ActiveCfg = AppStore|iPhone
		{DEDA5623-54D8-49C2-8EBE-7F3F129AD4DD}.Debug|Any CPU.ActiveCfg = Debug|iPhone
		{DEDA5623-54D8-49C2-8EBE-7F3F129AD4DD}.Debug|ARM.ActiveCfg = Debug|iPhone
		{DEDA5623-54D8-49C2-8EBE-7F3F129AD4DD}.Debug|iPhone.ActiveCfg = Debug|iPhone
		{DEDA5623-54D8-49C2-8EBE-7F3F129AD4DD}.Debug|iPhone.Build.0 = Debug|iPhone
		{DEDA5623-54D8-49C2-8EBE-7F3F129AD4DD}.Debug|iPhoneSimulator.ActiveCfg = Debug|iPhoneSimulator
		{DEDA5623-54D8-49C2-8EBE-7F3F129AD4DD}.Debug|iPhoneSimulator.Build.0 = Debug|iPhoneSimulator
		{DEDA5623-54D8-49C2-8EBE-7F3F129AD4DD}.Debug|x64.ActiveCfg = Debug|iPhone
		{DEDA5623-54D8-49C2-8EBE-7F3F129AD4DD}.Debug|x86.ActiveCfg = Debug|iPhone
		{DEDA5623-54D8-49C2-8EBE-7F3F129AD4DD}.Release|Any CPU.ActiveCfg = Release|iPhone
		{DEDA5623-54D8-49C2-8EBE-7F3F129AD4DD}.Release|ARM.ActiveCfg = Release|iPhone
		{DEDA5623-54D8-49C2-8EBE-7F3F129AD4DD}.Release|iPhone.ActiveCfg = Release|iPhone
		{DEDA5623-54D8-49C2-8EBE-7F3F129AD4DD}.Release|iPhone.Build.0 = Release|iPhone
		{DEDA5623-54D8-49C2-8EBE-7F3F129AD4DD}.Release|iPhoneSimulator.ActiveCfg = Release|iPhoneSimulator
		{DEDA5623-54D8-49C2-8EBE-7F3F129AD4DD}.Release|iPhoneSimulator.Build.0 = Release|iPhoneSimulator
		{DEDA5623-54D8-49C2-8EBE-7F3F129AD4DD}.Release|x64.ActiveCfg = Release|iPhone
		{DEDA5623-54D8-49C2-8EBE-7F3F129AD4DD}.Release|x86.ActiveCfg = Release|iPhone
		{4AB6F592-9EDC-434C-93A4-83B52637424D}.Ad-Hoc|Any CPU.ActiveCfg = Release|Any CPU
		{4AB6F592-9EDC-434C-93A4-83B52637424D}.Ad-Hoc|Any CPU.Build.0 = Release|Any CPU
		{4AB6F592-9EDC-434C-93A4-83B52637424D}.Ad-Hoc|Any CPU.Deploy.0 = Release|Any CPU
		{4AB6F592-9EDC-434C-93A4-83B52637424D}.Ad-Hoc|ARM.ActiveCfg = Release|ARM
		{4AB6F592-9EDC-434C-93A4-83B52637424D}.Ad-Hoc|ARM.Build.0 = Release|ARM
		{4AB6F592-9EDC-434C-93A4-83B52637424D}.Ad-Hoc|ARM.Deploy.0 = Release|ARM
		{4AB6F592-9EDC-434C-93A4-83B52637424D}.Ad-Hoc|iPhone.ActiveCfg = Release|Any CPU
		{4AB6F592-9EDC-434C-93A4-83B52637424D}.Ad-Hoc|iPhone.Build.0 = Release|Any CPU
		{4AB6F592-9EDC-434C-93A4-83B52637424D}.Ad-Hoc|iPhone.Deploy.0 = Release|Any CPU
		{4AB6F592-9EDC-434C-93A4-83B52637424D}.Ad-Hoc|iPhoneSimulator.ActiveCfg = Release|Any CPU
		{4AB6F592-9EDC-434C-93A4-83B52637424D}.Ad-Hoc|iPhoneSimulator.Build.0 = Release|Any CPU
		{4AB6F592-9EDC-434C-93A4-83B52637424D}.Ad-Hoc|iPhoneSimulator.Deploy.0 = Release|Any CPU
		{4AB6F592-9EDC-434C-93A4-83B52637424D}.Ad-Hoc|x64.ActiveCfg = Release|Any CPU
		{4AB6F592-9EDC-434C-93A4-83B52637424D}.Ad-Hoc|x64.Build.0 = Release|Any CPU
		{4AB6F592-9EDC-434C-93A4-83B52637424D}.Ad-Hoc|x64.Deploy.0 = Release|Any CPU
		{4AB6F592-9EDC-434C-93A4-83B52637424D}.Ad-Hoc|x86.ActiveCfg = Release|x86
		{4AB6F592-9EDC-434C-93A4-83B52637424D}.Ad-Hoc|x86.Build.0 = Release|x86
		{4AB6F592-9EDC-434C-93A4-83B52637424D}.Ad-Hoc|x86.Deploy.0 = Release|x86
		{4AB6F592-9EDC-434C-93A4-83B52637424D}.AppStore|Any CPU.ActiveCfg = Release|Any CPU
		{4AB6F592-9EDC-434C-93A4-83B52637424D}.AppStore|Any CPU.Build.0 = Release|Any CPU
		{4AB6F592-9EDC-434C-93A4-83B52637424D}.AppStore|Any CPU.Deploy.0 = Release|Any CPU
		{4AB6F592-9EDC-434C-93A4-83B52637424D}.AppStore|ARM.ActiveCfg = Release|ARM
		{4AB6F592-9EDC-434C-93A4-83B52637424D}.AppStore|ARM.Build.0 = Release|ARM
		{4AB6F592-9EDC-434C-93A4-83B52637424D}.AppStore|ARM.Deploy.0 = Release|ARM
		{4AB6F592-9EDC-434C-93A4-83B52637424D}.AppStore|iPhone.ActiveCfg = Release|Any CPU
		{4AB6F592-9EDC-434C-93A4-83B52637424D}.AppStore|iPhone.Build.0 = Release|Any CPU
		{4AB6F592-9EDC-434C-93A4-83B52637424D}.AppStore|iPhone.Deploy.0 = Release|Any CPU
		{4AB6F592-9EDC-434C-93A4-83B52637424D}.AppStore|iPhoneSimulator.ActiveCfg = Release|Any CPU
		{4AB6F592-9EDC-434C-93A4-83B52637424D}.AppStore|iPhoneSimulator.Build.0 = Release|Any CPU
		{4AB6F592-9EDC-434C-93A4-83B52637424D}.AppStore|iPhoneSimulator.Deploy.0 = Release|Any CPU
		{4AB6F592-9EDC-434C-93A4-83B52637424D}.AppStore|x64.ActiveCfg = Release|Any CPU
		{4AB6F592-9EDC-434C-93A4-83B52637424D}.AppStore|x64.Build.0 = Release|Any CPU
		{4AB6F592-9EDC-434C-93A4-83B52637424D}.AppStore|x64.Deploy.0 = Release|Any CPU
		{4AB6F592-9EDC-434C-93A4-83B52637424D}.AppStore|x86.ActiveCfg = Release|x86
		{4AB6F592-9EDC-434C-93A4-83B52637424D}.AppStore|x86.Build.0 = Release|x86
		{4AB6F592-9EDC-434C-93A4-83B52637424D}.AppStore|x86.Deploy.0 = Release|x86
		{4AB6F592-9EDC-434C-93A4-83B52637424D}.Debug|Any CPU.ActiveCfg = Debug|Any CPU
		{4AB6F592-9EDC-434C-93A4-83B52637424D}.Debug|Any CPU.Build.0 = Debug|Any CPU
		{4AB6F592-9EDC-434C-93A4-83B52637424D}.Debug|Any CPU.Deploy.0 = Debug|Any CPU
		{4AB6F592-9EDC-434C-93A4-83B52637424D}.Debug|ARM.ActiveCfg = Debug|ARM
		{4AB6F592-9EDC-434C-93A4-83B52637424D}.Debug|ARM.Build.0 = Debug|ARM
		{4AB6F592-9EDC-434C-93A4-83B52637424D}.Debug|ARM.Deploy.0 = Debug|ARM
		{4AB6F592-9EDC-434C-93A4-83B52637424D}.Debug|iPhone.ActiveCfg = Debug|Any CPU
		{4AB6F592-9EDC-434C-93A4-83B52637424D}.Debug|iPhone.Build.0 = Debug|Any CPU
		{4AB6F592-9EDC-434C-93A4-83B52637424D}.Debug|iPhone.Deploy.0 = Debug|Any CPU
		{4AB6F592-9EDC-434C-93A4-83B52637424D}.Debug|iPhoneSimulator.ActiveCfg = Debug|Any CPU
		{4AB6F592-9EDC-434C-93A4-83B52637424D}.Debug|iPhoneSimulator.Build.0 = Debug|Any CPU
		{4AB6F592-9EDC-434C-93A4-83B52637424D}.Debug|iPhoneSimulator.Deploy.0 = Debug|Any CPU
		{4AB6F592-9EDC-434C-93A4-83B52637424D}.Debug|x64.ActiveCfg = Debug|Any CPU
		{4AB6F592-9EDC-434C-93A4-83B52637424D}.Debug|x64.Build.0 = Debug|Any CPU
		{4AB6F592-9EDC-434C-93A4-83B52637424D}.Debug|x64.Deploy.0 = Debug|Any CPU
		{4AB6F592-9EDC-434C-93A4-83B52637424D}.Debug|x86.ActiveCfg = Debug|x86
		{4AB6F592-9EDC-434C-93A4-83B52637424D}.Debug|x86.Build.0 = Debug|x86
		{4AB6F592-9EDC-434C-93A4-83B52637424D}.Debug|x86.Deploy.0 = Debug|x86
		{4AB6F592-9EDC-434C-93A4-83B52637424D}.Release|Any CPU.ActiveCfg = Release|Any CPU
		{4AB6F592-9EDC-434C-93A4-83B52637424D}.Release|Any CPU.Build.0 = Release|Any CPU
		{4AB6F592-9EDC-434C-93A4-83B52637424D}.Release|Any CPU.Deploy.0 = Release|Any CPU
		{4AB6F592-9EDC-434C-93A4-83B52637424D}.Release|ARM.ActiveCfg = Release|ARM
		{4AB6F592-9EDC-434C-93A4-83B52637424D}.Release|ARM.Build.0 = Release|ARM
		{4AB6F592-9EDC-434C-93A4-83B52637424D}.Release|ARM.Deploy.0 = Release|ARM
		{4AB6F592-9EDC-434C-93A4-83B52637424D}.Release|iPhone.ActiveCfg = Release|Any CPU
		{4AB6F592-9EDC-434C-93A4-83B52637424D}.Release|iPhone.Build.0 = Release|Any CPU
		{4AB6F592-9EDC-434C-93A4-83B52637424D}.Release|iPhone.Deploy.0 = Release|Any CPU
		{4AB6F592-9EDC-434C-93A4-83B52637424D}.Release|iPhoneSimulator.ActiveCfg = Release|Any CPU
		{4AB6F592-9EDC-434C-93A4-83B52637424D}.Release|iPhoneSimulator.Build.0 = Release|Any CPU
		{4AB6F592-9EDC-434C-93A4-83B52637424D}.Release|iPhoneSimulator.Deploy.0 = Release|Any CPU
		{4AB6F592-9EDC-434C-93A4-83B52637424D}.Release|x64.ActiveCfg = Release|Any CPU
		{4AB6F592-9EDC-434C-93A4-83B52637424D}.Release|x64.Build.0 = Release|Any CPU
		{4AB6F592-9EDC-434C-93A4-83B52637424D}.Release|x64.Deploy.0 = Release|Any CPU
		{4AB6F592-9EDC-434C-93A4-83B52637424D}.Release|x86.ActiveCfg = Release|x86
		{4AB6F592-9EDC-434C-93A4-83B52637424D}.Release|x86.Build.0 = Release|x86
		{4AB6F592-9EDC-434C-93A4-83B52637424D}.Release|x86.Deploy.0 = Release|x86
		{12D9B9A8-6379-4683-881C-2C6854FDC2AA}.Ad-Hoc|Any CPU.ActiveCfg = Release|x86
		{12D9B9A8-6379-4683-881C-2C6854FDC2AA}.Ad-Hoc|Any CPU.Build.0 = Release|x86
		{12D9B9A8-6379-4683-881C-2C6854FDC2AA}.Ad-Hoc|Any CPU.Deploy.0 = Release|x86
		{12D9B9A8-6379-4683-881C-2C6854FDC2AA}.Ad-Hoc|ARM.ActiveCfg = Release|ARM
		{12D9B9A8-6379-4683-881C-2C6854FDC2AA}.Ad-Hoc|ARM.Build.0 = Release|ARM
		{12D9B9A8-6379-4683-881C-2C6854FDC2AA}.Ad-Hoc|ARM.Deploy.0 = Release|ARM
		{12D9B9A8-6379-4683-881C-2C6854FDC2AA}.Ad-Hoc|iPhone.ActiveCfg = Release|x86
		{12D9B9A8-6379-4683-881C-2C6854FDC2AA}.Ad-Hoc|iPhone.Build.0 = Release|x86
		{12D9B9A8-6379-4683-881C-2C6854FDC2AA}.Ad-Hoc|iPhone.Deploy.0 = Release|x86
		{12D9B9A8-6379-4683-881C-2C6854FDC2AA}.Ad-Hoc|iPhoneSimulator.ActiveCfg = Release|x86
		{12D9B9A8-6379-4683-881C-2C6854FDC2AA}.Ad-Hoc|iPhoneSimulator.Build.0 = Release|x86
		{12D9B9A8-6379-4683-881C-2C6854FDC2AA}.Ad-Hoc|iPhoneSimulator.Deploy.0 = Release|x86
		{12D9B9A8-6379-4683-881C-2C6854FDC2AA}.Ad-Hoc|x64.ActiveCfg = Release|x64
		{12D9B9A8-6379-4683-881C-2C6854FDC2AA}.Ad-Hoc|x64.Build.0 = Release|x64
		{12D9B9A8-6379-4683-881C-2C6854FDC2AA}.Ad-Hoc|x64.Deploy.0 = Release|x64
		{12D9B9A8-6379-4683-881C-2C6854FDC2AA}.Ad-Hoc|x86.ActiveCfg = Release|x86
		{12D9B9A8-6379-4683-881C-2C6854FDC2AA}.Ad-Hoc|x86.Build.0 = Release|x86
		{12D9B9A8-6379-4683-881C-2C6854FDC2AA}.Ad-Hoc|x86.Deploy.0 = Release|x86
		{12D9B9A8-6379-4683-881C-2C6854FDC2AA}.AppStore|Any CPU.ActiveCfg = Release|x86
		{12D9B9A8-6379-4683-881C-2C6854FDC2AA}.AppStore|Any CPU.Build.0 = Release|x86
		{12D9B9A8-6379-4683-881C-2C6854FDC2AA}.AppStore|Any CPU.Deploy.0 = Release|x86
		{12D9B9A8-6379-4683-881C-2C6854FDC2AA}.AppStore|ARM.ActiveCfg = Release|ARM
		{12D9B9A8-6379-4683-881C-2C6854FDC2AA}.AppStore|ARM.Build.0 = Release|ARM
		{12D9B9A8-6379-4683-881C-2C6854FDC2AA}.AppStore|ARM.Deploy.0 = Release|ARM
		{12D9B9A8-6379-4683-881C-2C6854FDC2AA}.AppStore|iPhone.ActiveCfg = Release|x86
		{12D9B9A8-6379-4683-881C-2C6854FDC2AA}.AppStore|iPhone.Build.0 = Release|x86
		{12D9B9A8-6379-4683-881C-2C6854FDC2AA}.AppStore|iPhone.Deploy.0 = Release|x86
		{12D9B9A8-6379-4683-881C-2C6854FDC2AA}.AppStore|iPhoneSimulator.ActiveCfg = Release|x86
		{12D9B9A8-6379-4683-881C-2C6854FDC2AA}.AppStore|iPhoneSimulator.Build.0 = Release|x86
		{12D9B9A8-6379-4683-881C-2C6854FDC2AA}.AppStore|iPhoneSimulator.Deploy.0 = Release|x86
		{12D9B9A8-6379-4683-881C-2C6854FDC2AA}.AppStore|x64.ActiveCfg = Release|x64
		{12D9B9A8-6379-4683-881C-2C6854FDC2AA}.AppStore|x64.Build.0 = Release|x64
		{12D9B9A8-6379-4683-881C-2C6854FDC2AA}.AppStore|x64.Deploy.0 = Release|x64
		{12D9B9A8-6379-4683-881C-2C6854FDC2AA}.AppStore|x86.ActiveCfg = Release|x86
		{12D9B9A8-6379-4683-881C-2C6854FDC2AA}.AppStore|x86.Build.0 = Release|x86
		{12D9B9A8-6379-4683-881C-2C6854FDC2AA}.AppStore|x86.Deploy.0 = Release|x86
		{12D9B9A8-6379-4683-881C-2C6854FDC2AA}.Debug|Any CPU.ActiveCfg = Debug|x86
		{12D9B9A8-6379-4683-881C-2C6854FDC2AA}.Debug|ARM.ActiveCfg = Debug|ARM
		{12D9B9A8-6379-4683-881C-2C6854FDC2AA}.Debug|ARM.Build.0 = Debug|ARM
		{12D9B9A8-6379-4683-881C-2C6854FDC2AA}.Debug|ARM.Deploy.0 = Debug|ARM
		{12D9B9A8-6379-4683-881C-2C6854FDC2AA}.Debug|iPhone.ActiveCfg = Debug|x86
		{12D9B9A8-6379-4683-881C-2C6854FDC2AA}.Debug|iPhoneSimulator.ActiveCfg = Debug|x86
		{12D9B9A8-6379-4683-881C-2C6854FDC2AA}.Debug|x64.ActiveCfg = Debug|x64
		{12D9B9A8-6379-4683-881C-2C6854FDC2AA}.Debug|x64.Build.0 = Debug|x64
		{12D9B9A8-6379-4683-881C-2C6854FDC2AA}.Debug|x64.Deploy.0 = Debug|x64
		{12D9B9A8-6379-4683-881C-2C6854FDC2AA}.Debug|x86.ActiveCfg = Debug|x86
		{12D9B9A8-6379-4683-881C-2C6854FDC2AA}.Debug|x86.Build.0 = Debug|x86
		{12D9B9A8-6379-4683-881C-2C6854FDC2AA}.Debug|x86.Deploy.0 = Debug|x86
		{12D9B9A8-6379-4683-881C-2C6854FDC2AA}.Release|Any CPU.ActiveCfg = Release|x86
		{12D9B9A8-6379-4683-881C-2C6854FDC2AA}.Release|ARM.ActiveCfg = Release|ARM
		{12D9B9A8-6379-4683-881C-2C6854FDC2AA}.Release|ARM.Build.0 = Release|ARM
		{12D9B9A8-6379-4683-881C-2C6854FDC2AA}.Release|ARM.Deploy.0 = Release|ARM
		{12D9B9A8-6379-4683-881C-2C6854FDC2AA}.Release|iPhone.ActiveCfg = Release|x86
		{12D9B9A8-6379-4683-881C-2C6854FDC2AA}.Release|iPhoneSimulator.ActiveCfg = Release|x86
		{12D9B9A8-6379-4683-881C-2C6854FDC2AA}.Release|x64.ActiveCfg = Release|x64
		{12D9B9A8-6379-4683-881C-2C6854FDC2AA}.Release|x64.Build.0 = Release|x64
		{12D9B9A8-6379-4683-881C-2C6854FDC2AA}.Release|x64.Deploy.0 = Release|x64
		{12D9B9A8-6379-4683-881C-2C6854FDC2AA}.Release|x86.ActiveCfg = Release|x86
		{12D9B9A8-6379-4683-881C-2C6854FDC2AA}.Release|x86.Build.0 = Release|x86
		{12D9B9A8-6379-4683-881C-2C6854FDC2AA}.Release|x86.Deploy.0 = Release|x86
		{C58A0BF5-AF38-49E7-A228-669CC6F6DAA0}.Ad-Hoc|Any CPU.ActiveCfg = Release|Any CPU
		{C58A0BF5-AF38-49E7-A228-669CC6F6DAA0}.Ad-Hoc|Any CPU.Build.0 = Release|Any CPU
		{C58A0BF5-AF38-49E7-A228-669CC6F6DAA0}.Ad-Hoc|Any CPU.Deploy.0 = Release|Any CPU
		{C58A0BF5-AF38-49E7-A228-669CC6F6DAA0}.Ad-Hoc|ARM.ActiveCfg = Release|ARM
		{C58A0BF5-AF38-49E7-A228-669CC6F6DAA0}.Ad-Hoc|ARM.Build.0 = Release|ARM
		{C58A0BF5-AF38-49E7-A228-669CC6F6DAA0}.Ad-Hoc|ARM.Deploy.0 = Release|ARM
		{C58A0BF5-AF38-49E7-A228-669CC6F6DAA0}.Ad-Hoc|iPhone.ActiveCfg = Release|Any CPU
		{C58A0BF5-AF38-49E7-A228-669CC6F6DAA0}.Ad-Hoc|iPhone.Build.0 = Release|Any CPU
		{C58A0BF5-AF38-49E7-A228-669CC6F6DAA0}.Ad-Hoc|iPhone.Deploy.0 = Release|Any CPU
		{C58A0BF5-AF38-49E7-A228-669CC6F6DAA0}.Ad-Hoc|iPhoneSimulator.ActiveCfg = Release|Any CPU
		{C58A0BF5-AF38-49E7-A228-669CC6F6DAA0}.Ad-Hoc|iPhoneSimulator.Build.0 = Release|Any CPU
		{C58A0BF5-AF38-49E7-A228-669CC6F6DAA0}.Ad-Hoc|iPhoneSimulator.Deploy.0 = Release|Any CPU
		{C58A0BF5-AF38-49E7-A228-669CC6F6DAA0}.Ad-Hoc|x64.ActiveCfg = Release|x64
		{C58A0BF5-AF38-49E7-A228-669CC6F6DAA0}.Ad-Hoc|x64.Build.0 = Release|x64
		{C58A0BF5-AF38-49E7-A228-669CC6F6DAA0}.Ad-Hoc|x64.Deploy.0 = Release|x64
		{C58A0BF5-AF38-49E7-A228-669CC6F6DAA0}.Ad-Hoc|x86.ActiveCfg = Release|x86
		{C58A0BF5-AF38-49E7-A228-669CC6F6DAA0}.Ad-Hoc|x86.Build.0 = Release|x86
		{C58A0BF5-AF38-49E7-A228-669CC6F6DAA0}.Ad-Hoc|x86.Deploy.0 = Release|x86
		{C58A0BF5-AF38-49E7-A228-669CC6F6DAA0}.AppStore|Any CPU.ActiveCfg = Release|Any CPU
		{C58A0BF5-AF38-49E7-A228-669CC6F6DAA0}.AppStore|Any CPU.Build.0 = Release|Any CPU
		{C58A0BF5-AF38-49E7-A228-669CC6F6DAA0}.AppStore|Any CPU.Deploy.0 = Release|Any CPU
		{C58A0BF5-AF38-49E7-A228-669CC6F6DAA0}.AppStore|ARM.ActiveCfg = Release|ARM
		{C58A0BF5-AF38-49E7-A228-669CC6F6DAA0}.AppStore|ARM.Build.0 = Release|ARM
		{C58A0BF5-AF38-49E7-A228-669CC6F6DAA0}.AppStore|ARM.Deploy.0 = Release|ARM
		{C58A0BF5-AF38-49E7-A228-669CC6F6DAA0}.AppStore|iPhone.ActiveCfg = Release|Any CPU
		{C58A0BF5-AF38-49E7-A228-669CC6F6DAA0}.AppStore|iPhone.Build.0 = Release|Any CPU
		{C58A0BF5-AF38-49E7-A228-669CC6F6DAA0}.AppStore|iPhone.Deploy.0 = Release|Any CPU
		{C58A0BF5-AF38-49E7-A228-669CC6F6DAA0}.AppStore|iPhoneSimulator.ActiveCfg = Release|Any CPU
		{C58A0BF5-AF38-49E7-A228-669CC6F6DAA0}.AppStore|iPhoneSimulator.Build.0 = Release|Any CPU
		{C58A0BF5-AF38-49E7-A228-669CC6F6DAA0}.AppStore|iPhoneSimulator.Deploy.0 = Release|Any CPU
		{C58A0BF5-AF38-49E7-A228-669CC6F6DAA0}.AppStore|x64.ActiveCfg = Release|x64
		{C58A0BF5-AF38-49E7-A228-669CC6F6DAA0}.AppStore|x64.Build.0 = Release|x64
		{C58A0BF5-AF38-49E7-A228-669CC6F6DAA0}.AppStore|x64.Deploy.0 = Release|x64
		{C58A0BF5-AF38-49E7-A228-669CC6F6DAA0}.AppStore|x86.ActiveCfg = Release|x86
		{C58A0BF5-AF38-49E7-A228-669CC6F6DAA0}.AppStore|x86.Build.0 = Release|x86
		{C58A0BF5-AF38-49E7-A228-669CC6F6DAA0}.AppStore|x86.Deploy.0 = Release|x86
		{C58A0BF5-AF38-49E7-A228-669CC6F6DAA0}.Debug|Any CPU.ActiveCfg = Debug|Any CPU
		{C58A0BF5-AF38-49E7-A228-669CC6F6DAA0}.Debug|Any CPU.Build.0 = Debug|Any CPU
		{C58A0BF5-AF38-49E7-A228-669CC6F6DAA0}.Debug|Any CPU.Deploy.0 = Debug|Any CPU
		{C58A0BF5-AF38-49E7-A228-669CC6F6DAA0}.Debug|ARM.ActiveCfg = Debug|ARM
		{C58A0BF5-AF38-49E7-A228-669CC6F6DAA0}.Debug|ARM.Build.0 = Debug|ARM
		{C58A0BF5-AF38-49E7-A228-669CC6F6DAA0}.Debug|ARM.Deploy.0 = Debug|ARM
		{C58A0BF5-AF38-49E7-A228-669CC6F6DAA0}.Debug|iPhone.ActiveCfg = Debug|Any CPU
		{C58A0BF5-AF38-49E7-A228-669CC6F6DAA0}.Debug|iPhone.Build.0 = Debug|Any CPU
		{C58A0BF5-AF38-49E7-A228-669CC6F6DAA0}.Debug|iPhone.Deploy.0 = Debug|Any CPU
		{C58A0BF5-AF38-49E7-A228-669CC6F6DAA0}.Debug|iPhoneSimulator.ActiveCfg = Debug|Any CPU
		{C58A0BF5-AF38-49E7-A228-669CC6F6DAA0}.Debug|iPhoneSimulator.Build.0 = Debug|Any CPU
		{C58A0BF5-AF38-49E7-A228-669CC6F6DAA0}.Debug|iPhoneSimulator.Deploy.0 = Debug|Any CPU
		{C58A0BF5-AF38-49E7-A228-669CC6F6DAA0}.Debug|x64.ActiveCfg = Debug|x64
		{C58A0BF5-AF38-49E7-A228-669CC6F6DAA0}.Debug|x64.Build.0 = Debug|x64
		{C58A0BF5-AF38-49E7-A228-669CC6F6DAA0}.Debug|x64.Deploy.0 = Debug|x64
		{C58A0BF5-AF38-49E7-A228-669CC6F6DAA0}.Debug|x86.ActiveCfg = Debug|x86
		{C58A0BF5-AF38-49E7-A228-669CC6F6DAA0}.Debug|x86.Build.0 = Debug|x86
		{C58A0BF5-AF38-49E7-A228-669CC6F6DAA0}.Debug|x86.Deploy.0 = Debug|x86
		{C58A0BF5-AF38-49E7-A228-669CC6F6DAA0}.Release|Any CPU.ActiveCfg = Release|Any CPU
		{C58A0BF5-AF38-49E7-A228-669CC6F6DAA0}.Release|Any CPU.Build.0 = Release|Any CPU
		{C58A0BF5-AF38-49E7-A228-669CC6F6DAA0}.Release|Any CPU.Deploy.0 = Release|Any CPU
		{C58A0BF5-AF38-49E7-A228-669CC6F6DAA0}.Release|ARM.ActiveCfg = Release|ARM
		{C58A0BF5-AF38-49E7-A228-669CC6F6DAA0}.Release|ARM.Build.0 = Release|ARM
		{C58A0BF5-AF38-49E7-A228-669CC6F6DAA0}.Release|ARM.Deploy.0 = Release|ARM
		{C58A0BF5-AF38-49E7-A228-669CC6F6DAA0}.Release|iPhone.ActiveCfg = Release|Any CPU
		{C58A0BF5-AF38-49E7-A228-669CC6F6DAA0}.Release|iPhone.Build.0 = Release|Any CPU
		{C58A0BF5-AF38-49E7-A228-669CC6F6DAA0}.Release|iPhone.Deploy.0 = Release|Any CPU
		{C58A0BF5-AF38-49E7-A228-669CC6F6DAA0}.Release|iPhoneSimulator.ActiveCfg = Release|Any CPU
		{C58A0BF5-AF38-49E7-A228-669CC6F6DAA0}.Release|iPhoneSimulator.Build.0 = Release|Any CPU
		{C58A0BF5-AF38-49E7-A228-669CC6F6DAA0}.Release|iPhoneSimulator.Deploy.0 = Release|Any CPU
		{C58A0BF5-AF38-49E7-A228-669CC6F6DAA0}.Release|x64.ActiveCfg = Release|x64
		{C58A0BF5-AF38-49E7-A228-669CC6F6DAA0}.Release|x64.Build.0 = Release|x64
		{C58A0BF5-AF38-49E7-A228-669CC6F6DAA0}.Release|x64.Deploy.0 = Release|x64
		{C58A0BF5-AF38-49E7-A228-669CC6F6DAA0}.Release|x86.ActiveCfg = Release|x86
		{C58A0BF5-AF38-49E7-A228-669CC6F6DAA0}.Release|x86.Build.0 = Release|x86
		{C58A0BF5-AF38-49E7-A228-669CC6F6DAA0}.Release|x86.Deploy.0 = Release|x86
		{F6FCF841-F638-431E-9D05-0D1A7B73D9E5}.Ad-Hoc|Any CPU.ActiveCfg = Release|Any CPU
		{F6FCF841-F638-431E-9D05-0D1A7B73D9E5}.Ad-Hoc|Any CPU.Build.0 = Release|Any CPU
		{F6FCF841-F638-431E-9D05-0D1A7B73D9E5}.Ad-Hoc|ARM.ActiveCfg = Release|Any CPU
		{F6FCF841-F638-431E-9D05-0D1A7B73D9E5}.Ad-Hoc|ARM.Build.0 = Release|Any CPU
		{F6FCF841-F638-431E-9D05-0D1A7B73D9E5}.Ad-Hoc|iPhone.ActiveCfg = Release|Any CPU
		{F6FCF841-F638-431E-9D05-0D1A7B73D9E5}.Ad-Hoc|iPhone.Build.0 = Release|Any CPU
		{F6FCF841-F638-431E-9D05-0D1A7B73D9E5}.Ad-Hoc|iPhoneSimulator.ActiveCfg = Release|Any CPU
		{F6FCF841-F638-431E-9D05-0D1A7B73D9E5}.Ad-Hoc|iPhoneSimulator.Build.0 = Release|Any CPU
		{F6FCF841-F638-431E-9D05-0D1A7B73D9E5}.Ad-Hoc|x64.ActiveCfg = Release|Any CPU
		{F6FCF841-F638-431E-9D05-0D1A7B73D9E5}.Ad-Hoc|x64.Build.0 = Release|Any CPU
		{F6FCF841-F638-431E-9D05-0D1A7B73D9E5}.Ad-Hoc|x86.ActiveCfg = Release|Any CPU
		{F6FCF841-F638-431E-9D05-0D1A7B73D9E5}.Ad-Hoc|x86.Build.0 = Release|Any CPU
		{F6FCF841-F638-431E-9D05-0D1A7B73D9E5}.AppStore|Any CPU.ActiveCfg = Release|Any CPU
		{F6FCF841-F638-431E-9D05-0D1A7B73D9E5}.AppStore|Any CPU.Build.0 = Release|Any CPU
		{F6FCF841-F638-431E-9D05-0D1A7B73D9E5}.AppStore|ARM.ActiveCfg = Release|Any CPU
		{F6FCF841-F638-431E-9D05-0D1A7B73D9E5}.AppStore|ARM.Build.0 = Release|Any CPU
		{F6FCF841-F638-431E-9D05-0D1A7B73D9E5}.AppStore|iPhone.ActiveCfg = Release|Any CPU
		{F6FCF841-F638-431E-9D05-0D1A7B73D9E5}.AppStore|iPhone.Build.0 = Release|Any CPU
		{F6FCF841-F638-431E-9D05-0D1A7B73D9E5}.AppStore|iPhoneSimulator.ActiveCfg = Release|Any CPU
		{F6FCF841-F638-431E-9D05-0D1A7B73D9E5}.AppStore|iPhoneSimulator.Build.0 = Release|Any CPU
		{F6FCF841-F638-431E-9D05-0D1A7B73D9E5}.AppStore|x64.ActiveCfg = Release|Any CPU
		{F6FCF841-F638-431E-9D05-0D1A7B73D9E5}.AppStore|x64.Build.0 = Release|Any CPU
		{F6FCF841-F638-431E-9D05-0D1A7B73D9E5}.AppStore|x86.ActiveCfg = Release|Any CPU
		{F6FCF841-F638-431E-9D05-0D1A7B73D9E5}.AppStore|x86.Build.0 = Release|Any CPU
		{F6FCF841-F638-431E-9D05-0D1A7B73D9E5}.Debug|Any CPU.ActiveCfg = Debug|Any CPU
		{F6FCF841-F638-431E-9D05-0D1A7B73D9E5}.Debug|Any CPU.Build.0 = Debug|Any CPU
		{F6FCF841-F638-431E-9D05-0D1A7B73D9E5}.Debug|ARM.ActiveCfg = Debug|Any CPU
		{F6FCF841-F638-431E-9D05-0D1A7B73D9E5}.Debug|ARM.Build.0 = Debug|Any CPU
		{F6FCF841-F638-431E-9D05-0D1A7B73D9E5}.Debug|iPhone.ActiveCfg = Debug|Any CPU
		{F6FCF841-F638-431E-9D05-0D1A7B73D9E5}.Debug|iPhone.Build.0 = Debug|Any CPU
		{F6FCF841-F638-431E-9D05-0D1A7B73D9E5}.Debug|iPhoneSimulator.ActiveCfg = Debug|Any CPU
		{F6FCF841-F638-431E-9D05-0D1A7B73D9E5}.Debug|iPhoneSimulator.Build.0 = Debug|Any CPU
		{F6FCF841-F638-431E-9D05-0D1A7B73D9E5}.Debug|x64.ActiveCfg = Debug|Any CPU
		{F6FCF841-F638-431E-9D05-0D1A7B73D9E5}.Debug|x64.Build.0 = Debug|Any CPU
		{F6FCF841-F638-431E-9D05-0D1A7B73D9E5}.Debug|x86.ActiveCfg = Debug|Any CPU
		{F6FCF841-F638-431E-9D05-0D1A7B73D9E5}.Debug|x86.Build.0 = Debug|Any CPU
		{F6FCF841-F638-431E-9D05-0D1A7B73D9E5}.Release|Any CPU.ActiveCfg = Release|Any CPU
		{F6FCF841-F638-431E-9D05-0D1A7B73D9E5}.Release|Any CPU.Build.0 = Release|Any CPU
		{F6FCF841-F638-431E-9D05-0D1A7B73D9E5}.Release|ARM.ActiveCfg = Release|Any CPU
		{F6FCF841-F638-431E-9D05-0D1A7B73D9E5}.Release|ARM.Build.0 = Release|Any CPU
		{F6FCF841-F638-431E-9D05-0D1A7B73D9E5}.Release|iPhone.ActiveCfg = Release|Any CPU
		{F6FCF841-F638-431E-9D05-0D1A7B73D9E5}.Release|iPhone.Build.0 = Release|Any CPU
		{F6FCF841-F638-431E-9D05-0D1A7B73D9E5}.Release|iPhoneSimulator.ActiveCfg = Release|Any CPU
		{F6FCF841-F638-431E-9D05-0D1A7B73D9E5}.Release|iPhoneSimulator.Build.0 = Release|Any CPU
		{F6FCF841-F638-431E-9D05-0D1A7B73D9E5}.Release|x64.ActiveCfg = Release|Any CPU
		{F6FCF841-F638-431E-9D05-0D1A7B73D9E5}.Release|x64.Build.0 = Release|Any CPU
		{F6FCF841-F638-431E-9D05-0D1A7B73D9E5}.Release|x86.ActiveCfg = Release|Any CPU
		{F6FCF841-F638-431E-9D05-0D1A7B73D9E5}.Release|x86.Build.0 = Release|Any CPU
		{142C68EA-8D22-4A89-8CE7-D23DA6634A9F}.Ad-Hoc|Any CPU.ActiveCfg = Debug|Any CPU
		{142C68EA-8D22-4A89-8CE7-D23DA6634A9F}.Ad-Hoc|Any CPU.Build.0 = Debug|Any CPU
		{142C68EA-8D22-4A89-8CE7-D23DA6634A9F}.Ad-Hoc|ARM.ActiveCfg = Debug|Any CPU
		{142C68EA-8D22-4A89-8CE7-D23DA6634A9F}.Ad-Hoc|ARM.Build.0 = Debug|Any CPU
		{142C68EA-8D22-4A89-8CE7-D23DA6634A9F}.Ad-Hoc|iPhone.ActiveCfg = Debug|Any CPU
		{142C68EA-8D22-4A89-8CE7-D23DA6634A9F}.Ad-Hoc|iPhone.Build.0 = Debug|Any CPU
		{142C68EA-8D22-4A89-8CE7-D23DA6634A9F}.Ad-Hoc|iPhoneSimulator.ActiveCfg = Debug|Any CPU
		{142C68EA-8D22-4A89-8CE7-D23DA6634A9F}.Ad-Hoc|iPhoneSimulator.Build.0 = Debug|Any CPU
		{142C68EA-8D22-4A89-8CE7-D23DA6634A9F}.Ad-Hoc|x64.ActiveCfg = Debug|Any CPU
		{142C68EA-8D22-4A89-8CE7-D23DA6634A9F}.Ad-Hoc|x64.Build.0 = Debug|Any CPU
		{142C68EA-8D22-4A89-8CE7-D23DA6634A9F}.Ad-Hoc|x86.ActiveCfg = Debug|Any CPU
		{142C68EA-8D22-4A89-8CE7-D23DA6634A9F}.Ad-Hoc|x86.Build.0 = Debug|Any CPU
		{142C68EA-8D22-4A89-8CE7-D23DA6634A9F}.AppStore|Any CPU.ActiveCfg = Debug|Any CPU
		{142C68EA-8D22-4A89-8CE7-D23DA6634A9F}.AppStore|Any CPU.Build.0 = Debug|Any CPU
		{142C68EA-8D22-4A89-8CE7-D23DA6634A9F}.AppStore|ARM.ActiveCfg = Debug|Any CPU
		{142C68EA-8D22-4A89-8CE7-D23DA6634A9F}.AppStore|ARM.Build.0 = Debug|Any CPU
		{142C68EA-8D22-4A89-8CE7-D23DA6634A9F}.AppStore|iPhone.ActiveCfg = Debug|Any CPU
		{142C68EA-8D22-4A89-8CE7-D23DA6634A9F}.AppStore|iPhone.Build.0 = Debug|Any CPU
		{142C68EA-8D22-4A89-8CE7-D23DA6634A9F}.AppStore|iPhoneSimulator.ActiveCfg = Debug|Any CPU
		{142C68EA-8D22-4A89-8CE7-D23DA6634A9F}.AppStore|iPhoneSimulator.Build.0 = Debug|Any CPU
		{142C68EA-8D22-4A89-8CE7-D23DA6634A9F}.AppStore|x64.ActiveCfg = Debug|Any CPU
		{142C68EA-8D22-4A89-8CE7-D23DA6634A9F}.AppStore|x64.Build.0 = Debug|Any CPU
		{142C68EA-8D22-4A89-8CE7-D23DA6634A9F}.AppStore|x86.ActiveCfg = Debug|Any CPU
		{142C68EA-8D22-4A89-8CE7-D23DA6634A9F}.AppStore|x86.Build.0 = Debug|Any CPU
		{142C68EA-8D22-4A89-8CE7-D23DA6634A9F}.Debug|Any CPU.ActiveCfg = Debug|Any CPU
		{142C68EA-8D22-4A89-8CE7-D23DA6634A9F}.Debug|Any CPU.Build.0 = Debug|Any CPU
		{142C68EA-8D22-4A89-8CE7-D23DA6634A9F}.Debug|ARM.ActiveCfg = Debug|Any CPU
		{142C68EA-8D22-4A89-8CE7-D23DA6634A9F}.Debug|ARM.Build.0 = Debug|Any CPU
		{142C68EA-8D22-4A89-8CE7-D23DA6634A9F}.Debug|iPhone.ActiveCfg = Debug|Any CPU
		{142C68EA-8D22-4A89-8CE7-D23DA6634A9F}.Debug|iPhone.Build.0 = Debug|Any CPU
		{142C68EA-8D22-4A89-8CE7-D23DA6634A9F}.Debug|iPhoneSimulator.ActiveCfg = Debug|Any CPU
		{142C68EA-8D22-4A89-8CE7-D23DA6634A9F}.Debug|iPhoneSimulator.Build.0 = Debug|Any CPU
		{142C68EA-8D22-4A89-8CE7-D23DA6634A9F}.Debug|x64.ActiveCfg = Debug|Any CPU
		{142C68EA-8D22-4A89-8CE7-D23DA6634A9F}.Debug|x64.Build.0 = Debug|Any CPU
		{142C68EA-8D22-4A89-8CE7-D23DA6634A9F}.Debug|x86.ActiveCfg = Debug|Any CPU
		{142C68EA-8D22-4A89-8CE7-D23DA6634A9F}.Debug|x86.Build.0 = Debug|Any CPU
		{142C68EA-8D22-4A89-8CE7-D23DA6634A9F}.Release|Any CPU.ActiveCfg = Release|Any CPU
		{142C68EA-8D22-4A89-8CE7-D23DA6634A9F}.Release|Any CPU.Build.0 = Release|Any CPU
		{142C68EA-8D22-4A89-8CE7-D23DA6634A9F}.Release|ARM.ActiveCfg = Release|Any CPU
		{142C68EA-8D22-4A89-8CE7-D23DA6634A9F}.Release|ARM.Build.0 = Release|Any CPU
		{142C68EA-8D22-4A89-8CE7-D23DA6634A9F}.Release|iPhone.ActiveCfg = Release|Any CPU
		{142C68EA-8D22-4A89-8CE7-D23DA6634A9F}.Release|iPhone.Build.0 = Release|Any CPU
		{142C68EA-8D22-4A89-8CE7-D23DA6634A9F}.Release|iPhoneSimulator.ActiveCfg = Release|Any CPU
		{142C68EA-8D22-4A89-8CE7-D23DA6634A9F}.Release|iPhoneSimulator.Build.0 = Release|Any CPU
		{142C68EA-8D22-4A89-8CE7-D23DA6634A9F}.Release|x64.ActiveCfg = Release|Any CPU
		{142C68EA-8D22-4A89-8CE7-D23DA6634A9F}.Release|x64.Build.0 = Release|Any CPU
		{142C68EA-8D22-4A89-8CE7-D23DA6634A9F}.Release|x86.ActiveCfg = Release|Any CPU
		{142C68EA-8D22-4A89-8CE7-D23DA6634A9F}.Release|x86.Build.0 = Release|Any CPU
	EndGlobalSection
	GlobalSection(SolutionProperties) = preSolution
		HideSolutionNode = FALSE
	EndGlobalSection
	GlobalSection(TeamFoundationVersionControl) = preSolution
		SccNumberOfProjects = 8
		SccEnterpriseProvider = {4CA58AB2-18FA-4F8D-95D4-32DDF27D184C}
		SccTeamFoundationServer = https://theloar.visualstudio.com/defaultcollection
		SccLocalPath0 = .
		SccProjectUniqueName1 = Taskify\\Taskify.Droid\\Taskify.Droid.csproj
		SccProjectName1 = Taskify/Taskify.Droid
		SccLocalPath1 = Taskify\\Taskify.Droid
		SccProjectUniqueName2 = Taskify\\Taskify.iOS\\Taskify.iOS.csproj
		SccProjectName2 = Taskify/Taskify.iOS
		SccLocalPath2 = Taskify\\Taskify.iOS
		SccProjectUniqueName3 = Taskify\\Taskify.UWP\\Taskify.UWP.csproj
		SccProjectName3 = Taskify/Taskify.UWP
		SccLocalPath3 = Taskify\\Taskify.UWP
		SccProjectUniqueName4 = Taskify\\Taskify.Windows\\Taskify.Windows.csproj
		SccProjectName4 = Taskify/Taskify.Windows
		SccLocalPath4 = Taskify\\Taskify.Windows
		SccProjectUniqueName5 = Taskify\\Taskify.WinPhone\\Taskify.WinPhone.csproj
		SccProjectName5 = Taskify/Taskify.WinPhone
		SccLocalPath5 = Taskify\\Taskify.WinPhone
		SccProjectUniqueName6 = Taskify\\Taskify\\Taskify.csproj
		SccProjectName6 = Taskify/Taskify
		SccLocalPath6 = Taskify\\Taskify
		SccProjectUniqueName7 = Backend\\Backend.xproj
		SccProjectName7 = Backend
		SccLocalPath7 = Backend
	EndGlobalSection
EndGlobal
